
Microsoft Visual Studio Solution File, Format Version 12.00
# Visual Studio Version 17
VisualStudioVersion = 17.6.33723.286
MinimumVisualStudioVersion = 10.0.40219.1
Project("{9A19103F-16F7-4668-BE54-9A1E7A4F7556}") = "Xyx.Tempate.Application", "Xyx.Tempate.Application.csproj", "{D98160CD-0A55-46C7-81C8-62DC5D8EA31A}"
EndProject
Global
	GlobalSection(SolutionConfigurationPlatforms) = preSolution
		Debug|Any CPU = Debug|Any CPU
		Release|Any CPU = Release|Any CPU
	EndGlobalSection
	GlobalSection(ProjectConfigurationPlatforms) = postSolution
		{D98160CD-0A55-46C7-81C8-62DC5D8EA31A}.Debug|Any CPU.ActiveCfg = Debug|Any CPU
		{D98160CD-0A55-46C7-81C8-62DC5D8EA31A}.Debug|Any CPU.Build.0 = Debug|Any CPU
		{D98160CD-0A55-46C7-81C8-62DC5D8EA31A}.Release|Any CPU.ActiveCfg = Release|Any CPU
		{D98160CD-0A55-46C7-81C8-62DC5D8EA31A}.Release|Any CPU.Build.0 = Release|Any CPU
	EndGlobalSection
	GlobalSection(SolutionProperties) = preSolution
		HideSolutionNode = FALSE
	EndGlobalSection
	GlobalSection(ExtensibilityGlobals) = postSolution
		SolutionGuid = {C3DAF02B-56AB-4515-9C9F-08F63634EDC2}
	EndGlobalSection
EndGlobal
